{
  "nodes": {
    "fork": {
      "locked": {
        "lastModified": 1664530260,
        "narHash": "sha256-AXAKZny1wYr9TZEcJ7gL2p4vtHJWlihAQhytCvDa3rk=",
        "owner": "simonkampe",
        "repo": "nixpkgs",
        "rev": "2e5e6ddeb8822f80143574be9240df48dc76f742",
        "type": "github"
      },
      "original": {
        "owner": "simonkampe",
        "ref": "ethercat",
        "repo": "nixpkgs",
        "type": "github"
      }
    },
    "home-manager": {
      "inputs": {
        "nixpkgs": [
          "nixpkgs"
        ],
        "utils": "utils"
      },
      "locked": {
        "lastModified": 1665616261,
        "narHash": "sha256-7B6wIsgfuKhcRn8/91mDU0WsOmy996K472oVeqK06EU=",
        "owner": "nix-community",
        "repo": "home-manager",
        "rev": "2d8e5a99343fc7df3ba7a512ea59a98b75166974",
        "type": "github"
      },
      "original": {
        "owner": "nix-community",
        "repo": "home-manager",
        "type": "github"
      }
    },
    "master": {
      "locked": {
        "lastModified": 1665641953,
        "narHash": "sha256-Ws4loj1feb5UIuq5WxmfkEwZiR7/AUGP67Nltq2E9NI=",
        "owner": "NixOS",
        "repo": "nixpkgs",
        "rev": "0d5610712381502407de52619adefc10d5308ae0",
        "type": "github"
      },
      "original": {
        "owner": "NixOS",
        "ref": "master",
        "repo": "nixpkgs",
        "type": "github"
      }
    },
    "nixos-hardware": {
      "locked": {
        "lastModified": 1665321371,
        "narHash": "sha256-0SO6MTW0bX6lxZmz1AZW/Xmk+hnTd7/hp1vF7Tp7jg0=",
        "owner": "NixOS",
        "repo": "nixos-hardware",
        "rev": "236ba4df714131059945d7754c0aa3fbe9d2f74c",
        "type": "github"
      },
      "original": {
        "owner": "NixOS",
        "ref": "master",
        "repo": "nixos-hardware",
        "type": "github"
      }
    },
    "plasma-manager": {
      "inputs": {
        "home-manager": [
          "home-manager"
        ],
        "nixpkgs": [
          "nixpkgs"
        ]
      },
      "locked": {
        "lastModified": 1664383871,
        "narHash": "sha256-dOnnzfqd/PCf1K3USKq2PqSGKmIqkr/SD7zHb1yoAyw=",
        "owner": "pjones",
        "repo": "plasma-manager",
        "rev": "16c437e43a0e049b15c9bfd37295f6e978ea9955",
        "type": "github"
      },
      "original": {
        "owner": "pjones",
        "repo": "plasma-manager",
        "type": "github"
      }
    },
    "root": {
      "inputs": {
        "fork": "fork",
        "home-manager": "home-manager",
        "master": "master",
        "nixos-hardware": "nixos-hardware",
        "nixpkgs": [
          "unstable"
        ],
        "plasma-manager": "plasma-manager",
        "stable": "stable",
        "unstable": "unstable"
      }
    },
    "stable": {
      "locked": {
        "lastModified": 1665596265,
        "narHash": "sha256-H7Ku1SF+7zDEqw8QOyEDA5blMJQW9MvdfgB+K3KJNLw=",
        "owner": "NixOS",
        "repo": "nixpkgs",
        "rev": "9234f5a17e1a7820b5e91ecd4ff0de449e293383",
        "type": "github"
      },
      "original": {
        "owner": "NixOS",
        "ref": "nixos-22.05",
        "repo": "nixpkgs",
        "type": "github"
      }
    },
    "unstable": {
      "locked": {
        "lastModified": 1665449268,
        "narHash": "sha256-cw4xrQIAZUyJGj58Dp5VLICI0rscd+uap83afiFzlcA=",
        "owner": "NixOS",
        "repo": "nixpkgs",
        "rev": "285e77efe87df64105ec14b204de6636fb0a7a27",
        "type": "github"
      },
      "original": {
        "owner": "NixOS",
        "ref": "nixos-unstable",
        "repo": "nixpkgs",
        "type": "github"
      }
    },
    "utils": {
      "locked": {
        "lastModified": 1659877975,
        "narHash": "sha256-zllb8aq3YO3h8B/U0/J1WBgAL8EX5yWf5pMj3G0NAmc=",
        "owner": "numtide",
        "repo": "flake-utils",
        "rev": "c0e246b9b83f637f4681389ecabcb2681b4f3af0",
        "type": "github"
      },
      "original": {
        "owner": "numtide",
        "repo": "flake-utils",
        "type": "github"
      }
    }
  },
  "root": "root",
  "version": 7
}
